
Microsoft Visual Studio Solution File, Format Version 11.00
# Visual Studio 2010
Project("{FAE04EC0-301F-11D3-BF4B-00C04F79EFBC}") = "U8SOFT.XMGLlist", "UFIDA.U8.UAP.Plugin.ListImpl\U8SOFT.XMGLlist.csproj", "{5F3F10EA-87D1-4EB0-8E92-E8FC28622766}"
EndProject
Global
	GlobalSection(SolutionConfigurationPlatforms) = preSolution
		Debug|Any CPU = Debug|Any CPU
		Release|Any CPU = Release|Any CPU
	EndGlobalSection
	GlobalSection(ProjectConfigurationPlatforms) = postSolution
		{5F3F10EA-87D1-4EB0-8E92-E8FC28622766}.Debug|Any CPU.ActiveCfg = Debug|Any CPU
		{5F3F10EA-87D1-4EB0-8E92-E8FC28622766}.Debug|Any CPU.Build.0 = Debug|Any CPU
		{5F3F10EA-87D1-4EB0-8E92-E8FC28622766}.Release|Any CPU.ActiveCfg = Release|Any CPU
		{5F3F10EA-87D1-4EB0-8E92-E8FC28622766}.Release|Any CPU.Build.0 = Release|Any CPU
	EndGlobalSection
	GlobalSection(SolutionProperties) = preSolution
		HideSolutionNode = FALSE
	EndGlobalSection
EndGlobal
